
Microsoft Visual Studio Solution File, Format Version 12.00
# Visual Studio Version 16
VisualStudioVersion = 16.0.30204.135
MinimumVisualStudioVersion = 10.0.40219.1
Project("{FAE04EC0-301F-11D3-BF4B-00C04F79EFBC}") = "Hello", "Hello\Hello.csproj", "{65F703D5-D7C1-4159-8B95-469D7929981F}"
EndProject
Global
	GlobalSection(SolutionConfigurationPlatforms) = preSolution
		Debug|Any CPU = Debug|Any CPU
		Release|Any CPU = Release|Any CPU
	EndGlobalSection
	GlobalSection(ProjectConfigurationPlatforms) = postSolution
		{65F703D5-D7C1-4159-8B95-469D7929981F}.Debug|Any CPU.ActiveCfg = Debug|Any CPU
		{65F703D5-D7C1-4159-8B95-469D7929981F}.Debug|Any CPU.Build.0 = Debug|Any CPU
		{65F703D5-D7C1-4159-8B95-469D7929981F}.Release|Any CPU.ActiveCfg = Release|Any CPU
		{65F703D5-D7C1-4159-8B95-469D7929981F}.Release|Any CPU.Build.0 = Release|Any CPU
	EndGlobalSection
	GlobalSection(SolutionProperties) = preSolution
		HideSolutionNode = FALSE
	EndGlobalSection
	GlobalSection(ExtensibilityGlobals) = postSolution
		SolutionGuid = {B98E4374-CA29-4E97-BE3B-30D607DB30E9}
	EndGlobalSection
EndGlobal
