
Microsoft Visual Studio Solution File, Format Version 12.00
# Visual Studio Version 16
VisualStudioVersion = 16.0.30204.135
MinimumVisualStudioVersion = 10.0.40219.1
Project("{FAE04EC0-301F-11D3-BF4B-00C04F79EFBC}") = "Guess", "Guess\Guess.csproj", "{34932722-7C79-471A-95B0-83960507133D}"
EndProject
Global
	GlobalSection(SolutionConfigurationPlatforms) = preSolution
		Debug|Any CPU = Debug|Any CPU
		Release|Any CPU = Release|Any CPU
	EndGlobalSection
	GlobalSection(ProjectConfigurationPlatforms) = postSolution
		{34932722-7C79-471A-95B0-83960507133D}.Debug|Any CPU.ActiveCfg = Debug|Any CPU
		{34932722-7C79-471A-95B0-83960507133D}.Debug|Any CPU.Build.0 = Debug|Any CPU
		{34932722-7C79-471A-95B0-83960507133D}.Release|Any CPU.ActiveCfg = Release|Any CPU
		{34932722-7C79-471A-95B0-83960507133D}.Release|Any CPU.Build.0 = Release|Any CPU
	EndGlobalSection
	GlobalSection(SolutionProperties) = preSolution
		HideSolutionNode = FALSE
	EndGlobalSection
	GlobalSection(ExtensibilityGlobals) = postSolution
		SolutionGuid = {B013C9E5-741E-4FB1-88DA-D585F14B045E}
	EndGlobalSection
EndGlobal
