
Microsoft Visual Studio Solution File, Format Version 12.00
# Visual Studio 15
VisualStudioVersion = 15.0.28307.705
MinimumVisualStudioVersion = 10.0.40219.1
Project("{FAE04EC0-301F-11D3-BF4B-00C04F79EFBC}") = "Pos", "Pos\Pos.csproj", "{12F8ADBB-9C6C-4147-B2D5-FF4C8BCEA7BD}"
EndProject
Global
	GlobalSection(SolutionConfigurationPlatforms) = preSolution
		Debug|Any CPU = Debug|Any CPU
		Release|Any CPU = Release|Any CPU
	EndGlobalSection
	GlobalSection(ProjectConfigurationPlatforms) = postSolution
		{12F8ADBB-9C6C-4147-B2D5-FF4C8BCEA7BD}.Debug|Any CPU.ActiveCfg = Debug|Any CPU
		{12F8ADBB-9C6C-4147-B2D5-FF4C8BCEA7BD}.Debug|Any CPU.Build.0 = Debug|Any CPU
		{12F8ADBB-9C6C-4147-B2D5-FF4C8BCEA7BD}.Release|Any CPU.ActiveCfg = Release|Any CPU
		{12F8ADBB-9C6C-4147-B2D5-FF4C8BCEA7BD}.Release|Any CPU.Build.0 = Release|Any CPU
	EndGlobalSection
	GlobalSection(SolutionProperties) = preSolution
		HideSolutionNode = FALSE
	EndGlobalSection
	GlobalSection(ExtensibilityGlobals) = postSolution
		SolutionGuid = {1D2A5E06-1E0A-4F5F-8B63-768E6B1352B9}
	EndGlobalSection
EndGlobal
